
Microsoft Visual Studio Solution File, Format Version 12.00
# Visual Studio 2013
VisualStudioVersion = 12.0.21005.1
MinimumVisualStudioVersion = 10.0.40219.1
Project("{2150E333-8FDC-42A3-9474-1A3956D46DE8}") = "APIs", "APIs", "{215AA2B2-05F0-442E-B3BD-805D4D0861C5}"
EndProject
Project("{2150E333-8FDC-42A3-9474-1A3956D46DE8}") = "DAL", "DAL", "{B8019065-63C4-4F45-84B2-75ADE8882D33}"
EndProject
Project("{2150E333-8FDC-42A3-9474-1A3956D46DE8}") = "Infrastructure", "Infrastructure", "{5CC93C84-BF84-44EF-A2BF-4C751D2B6F21}"
EndProject
Project("{2150E333-8FDC-42A3-9474-1A3956D46DE8}") = "Common", "Common", "{F2E5C895-AD2A-4E90-9C9E-43281345EA7D}"
EndProject
Project("{2150E333-8FDC-42A3-9474-1A3956D46DE8}") = "Tests", "Tests", "{9862CC84-3553-4546-A6FD-29A3D6BC53C2}"
EndProject
Project("{2150E333-8FDC-42A3-9474-1A3956D46DE8}") = "Controllers", "Controllers", "{498DF6F9-8194-4652-BD89-7AA166E3EAA7}"
EndProject
Project("{2150E333-8FDC-42A3-9474-1A3956D46DE8}") = "BusinessLogic", "BusinessLogic", "{B51CCB61-EB0F-4CA4-901C-01511799552B}"
EndProject
Project("{2150E333-8FDC-42A3-9474-1A3956D46DE8}") = "Hosts", "Hosts", "{AB2EF792-3079-40B1-B097-03A0C7D60C39}"
EndProject
Project("{FAE04EC0-301F-11D3-BF4B-00C04F79EFBC}") = "EIMS.DataModel", "DAL\EIMS.DataModel\EIMS.DataModel.csproj", "{40B61378-089C-499B-BF9B-CFA70122BF64}"
EndProject
Global
	GlobalSection(SolutionConfigurationPlatforms) = preSolution
		Debug|Any CPU = Debug|Any CPU
		Release|Any CPU = Release|Any CPU
	EndGlobalSection
	GlobalSection(ProjectConfigurationPlatforms) = postSolution
		{40B61378-089C-499B-BF9B-CFA70122BF64}.Debug|Any CPU.ActiveCfg = Debug|Any CPU
		{40B61378-089C-499B-BF9B-CFA70122BF64}.Debug|Any CPU.Build.0 = Debug|Any CPU
		{40B61378-089C-499B-BF9B-CFA70122BF64}.Release|Any CPU.ActiveCfg = Release|Any CPU
		{40B61378-089C-499B-BF9B-CFA70122BF64}.Release|Any CPU.Build.0 = Release|Any CPU
	EndGlobalSection
	GlobalSection(SolutionProperties) = preSolution
		HideSolutionNode = FALSE
	EndGlobalSection
	GlobalSection(NestedProjects) = preSolution
		{498DF6F9-8194-4652-BD89-7AA166E3EAA7} = {215AA2B2-05F0-442E-B3BD-805D4D0861C5}
		{B51CCB61-EB0F-4CA4-901C-01511799552B} = {215AA2B2-05F0-442E-B3BD-805D4D0861C5}
		{AB2EF792-3079-40B1-B097-03A0C7D60C39} = {215AA2B2-05F0-442E-B3BD-805D4D0861C5}
		{40B61378-089C-499B-BF9B-CFA70122BF64} = {B8019065-63C4-4F45-84B2-75ADE8882D33}
	EndGlobalSection
EndGlobal
